{
  "requires": true,
  "lockfileVersion": 1,
  "dependencies": {
    "@material/animation": {
      "version": "0.41.0",
      "resolved": "https://registry.npmjs.org/@material/animation/-/animation-0.41.0.tgz",
      "integrity": "sha512-yYAwJbX3Q2AFd4dr6IYOsWLQy2HN8zWOFVl9AbUXunjzTfJCa/ecfXCriaT6qkmoNoHeTdJHRrsQJZC5GsPvzA=="
    },
    "@material/base": {
      "version": "0.41.0",
      "resolved": "https://registry.npmjs.org/@material/base/-/base-0.41.0.tgz",
      "integrity": "sha512-tEyzwBRu3d1H120SfKsDVYZHcqT5lKohh/7cWKR93aAaPDkSvjpKJIjyu2yuSkjpDduVZGzVocYbOvhUKhhzXQ=="
    },
    "@material/floating-label": {
      "version": "0.42.0",
      "resolved": "https://registry.npmjs.org/@material/floating-label/-/floating-label-0.42.0.tgz",
      "integrity": "sha512-OrPRQgFztQnH6Fj1vzvLq4LJQVUqYB6Wqu8xBnWGuR7cILnnH/gt6AN6ZGeUBITVKiwGegmvzUdSaH/VWB5IrQ==",
      "requires": {
        "@material/animation": "^0.41.0",
        "@material/base": "^0.41.0",
        "@material/rtl": "^0.42.0",
        "@material/theme": "^0.41.0",
        "@material/typography": "^0.42.0"
      }
    },
    "@material/line-ripple": {
      "version": "0.41.0",
      "resolved": "https://registry.npmjs.org/@material/line-ripple/-/line-ripple-0.41.0.tgz",
      "integrity": "sha512-5DDIoC3d78fCLhNgle7DRFojT3D2SF+XVpUd3g6yLZmybHB7832p4bgl/qGpbIXwk1wAQA1dkUgKH5foxorjNQ==",
      "requires": {
        "@material/animation": "^0.41.0",
        "@material/base": "^0.41.0",
        "@material/theme": "^0.41.0"
      }
    },
    "@material/notched-outline": {
      "version": "0.42.1",
      "resolved": "https://registry.npmjs.org/@material/notched-outline/-/notched-outline-0.42.1.tgz",
      "integrity": "sha512-4JQEIUi5Dt+wbBaITNks4vgJ1PbuHkACLMxlXGsR4gj0Pcp84IZHeMVCUdj46oJf/h4zsT9jaLiLeObGXRiSoQ==",
      "requires": {
        "@material/animation": "^0.41.0",
        "@material/base": "^0.41.0",
        "@material/floating-label": "^0.42.0",
        "@material/rtl": "^0.42.0",
        "@material/shape": "^0.42.0",
        "@material/theme": "^0.41.0"
      }
    },
    "@material/ripple": {
      "version": "0.42.0",
      "resolved": "https://registry.npmjs.org/@material/ripple/-/ripple-0.42.0.tgz",
      "integrity": "sha512-wAVrppOjpvFJAeLL0hlTKRyTR9AJNHo5MzaKGrXqeq9Vt5exSk/ML9y5THE/SHwrJoF0sOWHgP9HEYi7opF6YA==",
      "requires": {
        "@material/animation": "^0.41.0",
        "@material/base": "^0.41.0",
        "@material/theme": "^0.41.0"
      }
    },
    "@material/rtl": {
      "version": "0.42.0",
      "resolved": "https://registry.npmjs.org/@material/rtl/-/rtl-0.42.0.tgz",
      "integrity": "sha512-VrnrKJzhmspsN8WXHuxxBZ69yM5IwhCUqWr1t1eNfw3ZEvEj7i1g3P31HGowKThIN1dc1Wh4LE14rCISWCtv5w=="
    },
    "@material/shape": {
      "version": "0.42.0",
      "resolved": "https://registry.npmjs.org/@material/shape/-/shape-0.42.0.tgz",
      "integrity": "sha512-E38QqeRoGLO38TOJT69rCBLJBnnXQ6Cmm/crjjl3TaLmqD17GiEJgPXzBdJ11lszBStSqR/gUXQX7P97LYruLw=="
    },
    "@material/textfield": {
      "version": "0.42.1",
      "resolved": "https://registry.npmjs.org/@material/textfield/-/textfield-0.42.1.tgz",
      "integrity": "sha512-cSE6GURbtqQx6paOJnTVVVZHIyJ4ZmdgXJbknYgPXu6dLsXUujxMbbAHaL/FhFtKiwuo9taa1lQaNuTkhiP6Cw==",
      "requires": {
        "@material/animation": "^0.41.0",
        "@material/base": "^0.41.0",
        "@material/floating-label": "^0.42.0",
        "@material/line-ripple": "^0.41.0",
        "@material/notched-outline": "^0.42.1",
        "@material/ripple": "^0.42.0",
        "@material/rtl": "^0.42.0",
        "@material/shape": "^0.42.0",
        "@material/theme": "^0.41.0",
        "@material/typography": "^0.42.0"
      }
    },
    "@material/theme": {
      "version": "0.41.0",
      "resolved": "https://registry.npmjs.org/@material/theme/-/theme-0.41.0.tgz",
      "integrity": "sha512-ohW2JxObKOWvP34EkIIcrEVtL3g0Gs/T3/MdOsM36euyshY8Jwl1f6fjVUQvVjSpixUtSb30/+ulblF8fTOwBg=="
    },
    "@material/typography": {
      "version": "0.42.0",
      "resolved": "https://registry.npmjs.org/@material/typography/-/typography-0.42.0.tgz",
      "integrity": "sha512-HgjRfmunrW8qqB0xC6AQNAQVIq19WUeRoimUf8ytf12Rq1oNG///6bnr86OI9+Q1EpeF822efZP4XPLUPb8kJw=="
    }
  }
}
